
Microsoft Visual Studio Solution File, Format Version 12.00
# Visual Studio 15
VisualStudioVersion = 15.0.28010.2016
MinimumVisualStudioVersion = 10.0.40219.1
Project("{FAE04EC0-301F-11D3-BF4B-00C04F79EFBC}") = "NavigationViewWinUI", "NavigationViewWinUI\NavigationViewWinUI.csproj", "{AE9CAC34-DA76-4C21-A29E-0718BFB718C6}"
EndProject
Global
	GlobalSection(SolutionConfigurationPlatforms) = preSolution
		Debug|Any CPU = Debug|Any CPU
		Debug|ARM = Debug|ARM
		Debug|x64 = Debug|x64
		Debug|x86 = Debug|x86
		Release|Any CPU = Release|Any CPU
		Release|ARM = Release|ARM
		Release|x64 = Release|x64
		Release|x86 = Release|x86
	EndGlobalSection
	GlobalSection(ProjectConfigurationPlatforms) = postSolution
		{AE9CAC34-DA76-4C21-A29E-0718BFB718C6}.Debug|Any CPU.ActiveCfg = Debug|x86
		{AE9CAC34-DA76-4C21-A29E-0718BFB718C6}.Debug|ARM.ActiveCfg = Debug|ARM
		{AE9CAC34-DA76-4C21-A29E-0718BFB718C6}.Debug|ARM.Build.0 = Debug|ARM
		{AE9CAC34-DA76-4C21-A29E-0718BFB718C6}.Debug|ARM.Deploy.0 = Debug|ARM
		{AE9CAC34-DA76-4C21-A29E-0718BFB718C6}.Debug|x64.ActiveCfg = Debug|x64
		{AE9CAC34-DA76-4C21-A29E-0718BFB718C6}.Debug|x64.Build.0 = Debug|x64
		{AE9CAC34-DA76-4C21-A29E-0718BFB718C6}.Debug|x64.Deploy.0 = Debug|x64
		{AE9CAC34-DA76-4C21-A29E-0718BFB718C6}.Debug|x86.ActiveCfg = Debug|x86
		{AE9CAC34-DA76-4C21-A29E-0718BFB718C6}.Debug|x86.Build.0 = Debug|x86
		{AE9CAC34-DA76-4C21-A29E-0718BFB718C6}.Debug|x86.Deploy.0 = Debug|x86
		{AE9CAC34-DA76-4C21-A29E-0718BFB718C6}.Release|Any CPU.ActiveCfg = Release|x86
		{AE9CAC34-DA76-4C21-A29E-0718BFB718C6}.Release|ARM.ActiveCfg = Release|ARM
		{AE9CAC34-DA76-4C21-A29E-0718BFB718C6}.Release|ARM.Build.0 = Release|ARM
		{AE9CAC34-DA76-4C21-A29E-0718BFB718C6}.Release|ARM.Deploy.0 = Release|ARM
		{AE9CAC34-DA76-4C21-A29E-0718BFB718C6}.Release|x64.ActiveCfg = Release|x64
		{AE9CAC34-DA76-4C21-A29E-0718BFB718C6}.Release|x64.Build.0 = Release|x64
		{AE9CAC34-DA76-4C21-A29E-0718BFB718C6}.Release|x64.Deploy.0 = Release|x64
		{AE9CAC34-DA76-4C21-A29E-0718BFB718C6}.Release|x86.ActiveCfg = Release|x86
		{AE9CAC34-DA76-4C21-A29E-0718BFB718C6}.Release|x86.Build.0 = Release|x86
		{AE9CAC34-DA76-4C21-A29E-0718BFB718C6}.Release|x86.Deploy.0 = Release|x86
	EndGlobalSection
	GlobalSection(SolutionProperties) = preSolution
		HideSolutionNode = FALSE
	EndGlobalSection
	GlobalSection(ExtensibilityGlobals) = postSolution
		SolutionGuid = {BB44D3C5-ABE0-4F96-99C5-F9C2EDA4EEB8}
	EndGlobalSection
EndGlobal
